
Microsoft Visual Studio Solution File, Format Version 12.00
# Visual Studio Version 16
VisualStudioVersion = 16.0.31410.357
MinimumVisualStudioVersion = 10.0.40219.1
Project("{FAE04EC0-301F-11D3-BF4B-00C04F79EFBC}") = "Shelter", "Shelter\Shelter.csproj", "{99B59010-6920-442D-ACAA-37587A079ED3}"
EndProject
Global
	GlobalSection(SolutionConfigurationPlatforms) = preSolution
		Debug|Any CPU = Debug|Any CPU
		Release|Any CPU = Release|Any CPU
	EndGlobalSection
	GlobalSection(ProjectConfigurationPlatforms) = postSolution
		{99B59010-6920-442D-ACAA-37587A079ED3}.Debug|Any CPU.ActiveCfg = Debug|Any CPU
		{99B59010-6920-442D-ACAA-37587A079ED3}.Debug|Any CPU.Build.0 = Debug|Any CPU
		{99B59010-6920-442D-ACAA-37587A079ED3}.Release|Any CPU.ActiveCfg = Release|Any CPU
		{99B59010-6920-442D-ACAA-37587A079ED3}.Release|Any CPU.Build.0 = Release|Any CPU
	EndGlobalSection
	GlobalSection(SolutionProperties) = preSolution
		HideSolutionNode = FALSE
	EndGlobalSection
	GlobalSection(ExtensibilityGlobals) = postSolution
		SolutionGuid = {F25DD711-1E1E-4DF0-B1E2-25876DB3FC15}
	EndGlobalSection
EndGlobal
